
Microsoft Visual Studio Solution File, Format Version 12.00
# Visual Studio 2013
VisualStudioVersion = 12.0.40629.0
MinimumVisualStudioVersion = 10.0.40219.1
Project("{FAE04EC0-301F-11D3-BF4B-00C04F79EFBC}") = "MyDemo.Client", "MyDemo.Client\MyDemo.Client.csproj", "{85643BBB-8D3F-418C-AABB-2694297511E6}"
EndProject
Project("{FAE04EC0-301F-11D3-BF4B-00C04F79EFBC}") = "Common", "Common\Common.csproj", "{B4B86C1F-74FE-44DC-BAB9-EFD5AE8557DE}"
EndProject
Project("{FAE04EC0-301F-11D3-BF4B-00C04F79EFBC}") = "WcfService1", "WcfService1\WcfService1.csproj", "{74770E2B-4994-479D-844C-CFD80FE50319}"
EndProject
Project("{FAE04EC0-301F-11D3-BF4B-00C04F79EFBC}") = "Entity", "Entity\Entity.csproj", "{65CA9B4B-F273-4A75-B0E6-DAA5795E5A06}"
EndProject
Project("{FAE04EC0-301F-11D3-BF4B-00C04F79EFBC}") = "Service", "Service\Service.csproj", "{3D7D366F-A38F-4788-8129-CB58407F7D67}"
EndProject
Project("{FAE04EC0-301F-11D3-BF4B-00C04F79EFBC}") = "Service.Interface", "Service.Interface\Service.Interface.csproj", "{9365A018-DF5D-4C43-998D-F06875617FB0}"
EndProject
Project("{FAE04EC0-301F-11D3-BF4B-00C04F79EFBC}") = "ConsoleApplication1", "ConsoleApplication1\ConsoleApplication1.csproj", "{14741914-5AD7-4D25-8B5A-58F88E6F9C4B}"
EndProject
Project("{FAE04EC0-301F-11D3-BF4B-00C04F79EFBC}") = "WcfService2", "WcfService2\WcfService2.csproj", "{EAD8D7F9-CA34-42C0-90F2-F1135B335878}"
EndProject
Global
	GlobalSection(SolutionConfigurationPlatforms) = preSolution
		Debug|Any CPU = Debug|Any CPU
		Release|Any CPU = Release|Any CPU
	EndGlobalSection
	GlobalSection(ProjectConfigurationPlatforms) = postSolution
		{85643BBB-8D3F-418C-AABB-2694297511E6}.Debug|Any CPU.ActiveCfg = Debug|Any CPU
		{85643BBB-8D3F-418C-AABB-2694297511E6}.Debug|Any CPU.Build.0 = Debug|Any CPU
		{85643BBB-8D3F-418C-AABB-2694297511E6}.Release|Any CPU.ActiveCfg = Release|Any CPU
		{85643BBB-8D3F-418C-AABB-2694297511E6}.Release|Any CPU.Build.0 = Release|Any CPU
		{B4B86C1F-74FE-44DC-BAB9-EFD5AE8557DE}.Debug|Any CPU.ActiveCfg = Debug|Any CPU
		{B4B86C1F-74FE-44DC-BAB9-EFD5AE8557DE}.Debug|Any CPU.Build.0 = Debug|Any CPU
		{B4B86C1F-74FE-44DC-BAB9-EFD5AE8557DE}.Release|Any CPU.ActiveCfg = Release|Any CPU
		{B4B86C1F-74FE-44DC-BAB9-EFD5AE8557DE}.Release|Any CPU.Build.0 = Release|Any CPU
		{74770E2B-4994-479D-844C-CFD80FE50319}.Debug|Any CPU.ActiveCfg = Debug|Any CPU
		{74770E2B-4994-479D-844C-CFD80FE50319}.Debug|Any CPU.Build.0 = Debug|Any CPU
		{74770E2B-4994-479D-844C-CFD80FE50319}.Release|Any CPU.ActiveCfg = Release|Any CPU
		{74770E2B-4994-479D-844C-CFD80FE50319}.Release|Any CPU.Build.0 = Release|Any CPU
		{65CA9B4B-F273-4A75-B0E6-DAA5795E5A06}.Debug|Any CPU.ActiveCfg = Debug|Any CPU
		{65CA9B4B-F273-4A75-B0E6-DAA5795E5A06}.Debug|Any CPU.Build.0 = Debug|Any CPU
		{65CA9B4B-F273-4A75-B0E6-DAA5795E5A06}.Release|Any CPU.ActiveCfg = Release|Any CPU
		{65CA9B4B-F273-4A75-B0E6-DAA5795E5A06}.Release|Any CPU.Build.0 = Release|Any CPU
		{3D7D366F-A38F-4788-8129-CB58407F7D67}.Debug|Any CPU.ActiveCfg = Debug|Any CPU
		{3D7D366F-A38F-4788-8129-CB58407F7D67}.Debug|Any CPU.Build.0 = Debug|Any CPU
		{3D7D366F-A38F-4788-8129-CB58407F7D67}.Release|Any CPU.ActiveCfg = Release|Any CPU
		{3D7D366F-A38F-4788-8129-CB58407F7D67}.Release|Any CPU.Build.0 = Release|Any CPU
		{9365A018-DF5D-4C43-998D-F06875617FB0}.Debug|Any CPU.ActiveCfg = Debug|Any CPU
		{9365A018-DF5D-4C43-998D-F06875617FB0}.Debug|Any CPU.Build.0 = Debug|Any CPU
		{9365A018-DF5D-4C43-998D-F06875617FB0}.Release|Any CPU.ActiveCfg = Release|Any CPU
		{9365A018-DF5D-4C43-998D-F06875617FB0}.Release|Any CPU.Build.0 = Release|Any CPU
		{14741914-5AD7-4D25-8B5A-58F88E6F9C4B}.Debug|Any CPU.ActiveCfg = Debug|Any CPU
		{14741914-5AD7-4D25-8B5A-58F88E6F9C4B}.Debug|Any CPU.Build.0 = Debug|Any CPU
		{14741914-5AD7-4D25-8B5A-58F88E6F9C4B}.Release|Any CPU.ActiveCfg = Release|Any CPU
		{14741914-5AD7-4D25-8B5A-58F88E6F9C4B}.Release|Any CPU.Build.0 = Release|Any CPU
		{EAD8D7F9-CA34-42C0-90F2-F1135B335878}.Debug|Any CPU.ActiveCfg = Debug|Any CPU
		{EAD8D7F9-CA34-42C0-90F2-F1135B335878}.Debug|Any CPU.Build.0 = Debug|Any CPU
		{EAD8D7F9-CA34-42C0-90F2-F1135B335878}.Release|Any CPU.ActiveCfg = Release|Any CPU
		{EAD8D7F9-CA34-42C0-90F2-F1135B335878}.Release|Any CPU.Build.0 = Release|Any CPU
	EndGlobalSection
	GlobalSection(SolutionProperties) = preSolution
		HideSolutionNode = FALSE
	EndGlobalSection
EndGlobal
